PODS:
  - Analytics/Core-iOS (2.0.17):
    - TRVSDictionaryWithCaseInsensitivity (= 0.0.2)
  - Analytics/Segmentio (2.0.17):
    - Analytics/Core-iOS
  - Crashlytics (3.7.3):
    - Fabric (~> 1.6.3)
  - Fabric (1.6.8)
  - MagicalRecord (2.3.2):
    - MagicalRecord/Core (= 2.3.2)
  - MagicalRecord/Core (2.3.2)
  - TRVSDictionaryWithCaseInsensitivity (0.0.2)
  - UIBarButtonItem-Badge (0.0.1)

DEPENDENCIES:
  - Analytics/Segmentio
  - Crashlytics
  - Fabric
  - MagicalRecord
  - UIBarButtonItem-Badge (from `https://github.com/mikeMTOL/UIBarButtonItem-Badge`)

EXTERNAL SOURCES:
  UIBarButtonItem-Badge:
    :git: https://github.com/mikeMTOL/UIBarButtonItem-Badge

CHECKOUT OPTIONS:
  UIBarButtonItem-Badge:
    :commit: a335f0481d5e7fdb43932d06a787ebddb67fcda9
    :git: https://github.com/mikeMTOL/UIBarButtonItem-Badge

SPEC CHECKSUMS:
  Analytics: 51d6163cb568c8ede69f2b92ef4779d91e1524e2
  Crashlytics: 76f6beaff70acf226139582c09c78461597c2b98
  Fabric: 5755268d0171435ab167e3d0878a28a777deaf10
  MagicalRecord: 53bed74b4323b930992a725be713e53b37d19755
  TRVSDictionaryWithCaseInsensitivity: 51d2ccf52c6d645d27b63467a98fa02c556e01b0
  UIBarButtonItem-Badge: 8f5ed4d32d32dbb03034d4f273d02c8da680236b

PODFILE CHECKSUM: 32808e1e4556fbc37df80d342fd310892c706cfc

COCOAPODS: 1.0.1
